Microsoft Visual Studio Solution File, Format Version 12.00
# Visual Studio Version 17
VisualStudioVersion = 17.5.2.0
MinimumVisualStudioVersion = 10.0.40219.1
Project("{FAE04EC0-301F-11D3-BF4B-00C04F79EFBC}") = "restaraunt.Persistence", "restaraunt.Persistence.csproj", "{9A067A8C-C411-05DC-B8D9-B03BC970DC30}"
EndProject
Global
	GlobalSection(SolutionConfigurationPlatforms) = preSolution
		Debug|Any CPU = Debug|Any CPU
		Release|Any CPU = Release|Any CPU
	EndGlobalSection
	GlobalSection(ProjectConfigurationPlatforms) = postSolution
		{9A067A8C-C411-05DC-B8D9-B03BC970DC30}.Debug|Any CPU.ActiveCfg = Debug|Any CPU
		{9A067A8C-C411-05DC-B8D9-B03BC970DC30}.Debug|Any CPU.Build.0 = Debug|Any CPU
		{9A067A8C-C411-05DC-B8D9-B03BC970DC30}.Release|Any CPU.ActiveCfg = Release|Any CPU
		{9A067A8C-C411-05DC-B8D9-B03BC970DC30}.Release|Any CPU.Build.0 = Release|Any CPU
	EndGlobalSection
	GlobalSection(SolutionProperties) = preSolution
		HideSolutionNode = FALSE
	EndGlobalSection
	GlobalSection(ExtensibilityGlobals) = postSolution
		SolutionGuid = {B584E9CD-E7DD-42E1-B058-5922CBC823DB}
	EndGlobalSection
EndGlobal
